
Microsoft Visual Studio Solution File, Format Version 12.00
# Visual Studio 15
VisualStudioVersion = 15.0.28307.1209
MinimumVisualStudioVersion = 10.0.40219.1
Project("{FAE04EC0-301F-11D3-BF4B-00C04F79EFBC}") = "StandYourGround", "StandYourGround.csproj", "{0DF87FE4-F0EB-4723-9C91-EF72A7AD5CAA}"
EndProject
Global
	GlobalSection(SolutionConfigurationPlatforms) = preSolution
		Debug|Any CPU = Debug|Any CPU
		Release|Any CPU = Release|Any CPU
	EndGlobalSection
	GlobalSection(ProjectConfigurationPlatforms) = postSolution
		{0DF87FE4-F0EB-4723-9C91-EF72A7AD5CAA}.Debug|Any CPU.ActiveCfg = Debug|Any CPU
		{0DF87FE4-F0EB-4723-9C91-EF72A7AD5CAA}.Debug|Any CPU.Build.0 = Debug|Any CPU
		{0DF87FE4-F0EB-4723-9C91-EF72A7AD5CAA}.Release|Any CPU.ActiveCfg = Release|Any CPU
		{0DF87FE4-F0EB-4723-9C91-EF72A7AD5CAA}.Release|Any CPU.Build.0 = Release|Any CPU
	EndGlobalSection
	GlobalSection(SolutionProperties) = preSolution
		HideSolutionNode = FALSE
	EndGlobalSection
	GlobalSection(ExtensibilityGlobals) = postSolution
		SolutionGuid = {495E77CB-D7B9-40E0-8290-F23E6994946B}
	EndGlobalSection
EndGlobal
